
Microsoft Visual Studio Solution File, Format Version 12.00
# Visual Studio Version 17
VisualStudioVersion = 17.5.33627.172
MinimumVisualStudioVersion = 10.0.40219.1
Project("{9A19103F-16F7-4668-BE54-9A1E7A4F7556}") = "IoT.Base", "IoT.Base\IoT.Base.csproj", "{A0350C13-5AC7-4BE6-A41E-CA09BF9EC360}"
EndProject
Project("{FAE04EC0-301F-11D3-BF4B-00C04F79EFBC}") = "IoT.Domain", "IoT.Domain\IoT.Domain.csproj", "{AC6A8E8C-A1BA-4EF8-9164-1D2B3D4A0699}"
EndProject
Project("{FAE04EC0-301F-11D3-BF4B-00C04F79EFBC}") = "IoT.ApiGateway", "IoT.ApiGateway\IoT.ApiGateway.csproj", "{A64EBFC6-1394-4302-ABD8-EA9DA055E989}"
EndProject
Global
	GlobalSection(SolutionConfigurationPlatforms) = preSolution
		Debug|Any CPU = Debug|Any CPU
		Release|Any CPU = Release|Any CPU
	EndGlobalSection
	GlobalSection(ProjectConfigurationPlatforms) = postSolution
		{A0350C13-5AC7-4BE6-A41E-CA09BF9EC360}.Debug|Any CPU.ActiveCfg = Debug|Any CPU
		{A0350C13-5AC7-4BE6-A41E-CA09BF9EC360}.Debug|Any CPU.Build.0 = Debug|Any CPU
		{A0350C13-5AC7-4BE6-A41E-CA09BF9EC360}.Release|Any CPU.ActiveCfg = Release|Any CPU
		{A0350C13-5AC7-4BE6-A41E-CA09BF9EC360}.Release|Any CPU.Build.0 = Release|Any CPU
		{AC6A8E8C-A1BA-4EF8-9164-1D2B3D4A0699}.Debug|Any CPU.ActiveCfg = Debug|Any CPU
		{AC6A8E8C-A1BA-4EF8-9164-1D2B3D4A0699}.Debug|Any CPU.Build.0 = Debug|Any CPU
		{AC6A8E8C-A1BA-4EF8-9164-1D2B3D4A0699}.Release|Any CPU.ActiveCfg = Release|Any CPU
		{AC6A8E8C-A1BA-4EF8-9164-1D2B3D4A0699}.Release|Any CPU.Build.0 = Release|Any CPU
		{A64EBFC6-1394-4302-ABD8-EA9DA055E989}.Debug|Any CPU.ActiveCfg = Debug|Any CPU
		{A64EBFC6-1394-4302-ABD8-EA9DA055E989}.Debug|Any CPU.Build.0 = Debug|Any CPU
		{A64EBFC6-1394-4302-ABD8-EA9DA055E989}.Release|Any CPU.ActiveCfg = Release|Any CPU
		{A64EBFC6-1394-4302-ABD8-EA9DA055E989}.Release|Any CPU.Build.0 = Release|Any CPU
	EndGlobalSection
	GlobalSection(SolutionProperties) = preSolution
		HideSolutionNode = FALSE
	EndGlobalSection
	GlobalSection(ExtensibilityGlobals) = postSolution
		SolutionGuid = {3AC2F1E9-41AD-43B7-886A-1B13C048AD3C}
	EndGlobalSection
EndGlobal
